
Microsoft Visual Studio Solution File, Format Version 12.00
# Visual Studio Version 17
VisualStudioVersion = 17.5.33502.453
MinimumVisualStudioVersion = 10.0.40219.1
Project("{FAE04EC0-301F-11D3-BF4B-00C04F79EFBC}") = "Myportfolio.Api", "Myportfolio.Api\Myportfolio.Api.csproj", "{74701539-F34A-4201-BC61-E056036F6AC6}"
EndProject
Project("{FAE04EC0-301F-11D3-BF4B-00C04F79EFBC}") = "Myportfolio.Core", "Myportfolio.Core\Myportfolio.Core.csproj", "{A153BE82-1BF2-4088-91F7-0D05C3EC4A38}"
EndProject
Project("{FAE04EC0-301F-11D3-BF4B-00C04F79EFBC}") = "Myportfolio.EF", "Myportfolio.EF\Myportfolio.EF.csproj", "{A7142F98-7CCC-4578-B12D-2049CB1043C5}"
EndProject
Global
	GlobalSection(SolutionConfigurationPlatforms) = preSolution
		Debug|Any CPU = Debug|Any CPU
		Release|Any CPU = Release|Any CPU
	EndGlobalSection
	GlobalSection(ProjectConfigurationPlatforms) = postSolution
		{74701539-F34A-4201-BC61-E056036F6AC6}.Debug|Any CPU.ActiveCfg = Debug|Any CPU
		{74701539-F34A-4201-BC61-E056036F6AC6}.Debug|Any CPU.Build.0 = Debug|Any CPU
		{74701539-F34A-4201-BC61-E056036F6AC6}.Release|Any CPU.ActiveCfg = Release|Any CPU
		{74701539-F34A-4201-BC61-E056036F6AC6}.Release|Any CPU.Build.0 = Release|Any CPU
		{A153BE82-1BF2-4088-91F7-0D05C3EC4A38}.Debug|Any CPU.ActiveCfg = Debug|Any CPU
		{A153BE82-1BF2-4088-91F7-0D05C3EC4A38}.Debug|Any CPU.Build.0 = Debug|Any CPU
		{A153BE82-1BF2-4088-91F7-0D05C3EC4A38}.Release|Any CPU.ActiveCfg = Release|Any CPU
		{A153BE82-1BF2-4088-91F7-0D05C3EC4A38}.Release|Any CPU.Build.0 = Release|Any CPU
		{A7142F98-7CCC-4578-B12D-2049CB1043C5}.Debug|Any CPU.ActiveCfg = Debug|Any CPU
		{A7142F98-7CCC-4578-B12D-2049CB1043C5}.Debug|Any CPU.Build.0 = Debug|Any CPU
		{A7142F98-7CCC-4578-B12D-2049CB1043C5}.Release|Any CPU.ActiveCfg = Release|Any CPU
		{A7142F98-7CCC-4578-B12D-2049CB1043C5}.Release|Any CPU.Build.0 = Release|Any CPU
	EndGlobalSection
	GlobalSection(SolutionProperties) = preSolution
		HideSolutionNode = FALSE
	EndGlobalSection
	GlobalSection(ExtensibilityGlobals) = postSolution
		SolutionGuid = {4351045C-2A96-457E-8B05-2BDCF5EA44EF}
	EndGlobalSection
EndGlobal
